
Microsoft Visual Studio Solution File, Format Version 12.00
# Visual Studio 2013
VisualStudioVersion = 12.0.30723.0
MinimumVisualStudioVersion = 10.0.40219.1
Project("{FAE04EC0-301F-11D3-BF4B-00C04F79EFBC}") = "knowhow", "knowhow\knowhow.csproj", "{7E3777EB-AC2D-4AAC-A7DE-7F8886AE2F83}"
EndProject
Project("{F2A71F9B-5D33-465A-A702-920D77279786}") = "core", "core\core.fsproj", "{752BE59A-4112-4B17-B1B5-862EA9CD070B}"
EndProject
Global
	GlobalSection(SolutionConfigurationPlatforms) = preSolution
		Debug|Any CPU = Debug|Any CPU
		Release|Any CPU = Release|Any CPU
	EndGlobalSection
	GlobalSection(ProjectConfigurationPlatforms) = postSolution
		{7E3777EB-AC2D-4AAC-A7DE-7F8886AE2F83}.Debug|Any CPU.ActiveCfg = Debug|Any CPU
		{7E3777EB-AC2D-4AAC-A7DE-7F8886AE2F83}.Debug|Any CPU.Build.0 = Debug|Any CPU
		{7E3777EB-AC2D-4AAC-A7DE-7F8886AE2F83}.Release|Any CPU.ActiveCfg = Release|Any CPU
		{7E3777EB-AC2D-4AAC-A7DE-7F8886AE2F83}.Release|Any CPU.Build.0 = Release|Any CPU
		{752BE59A-4112-4B17-B1B5-862EA9CD070B}.Debug|Any CPU.ActiveCfg = Debug|Any CPU
		{752BE59A-4112-4B17-B1B5-862EA9CD070B}.Debug|Any CPU.Build.0 = Debug|Any CPU
		{752BE59A-4112-4B17-B1B5-862EA9CD070B}.Release|Any CPU.ActiveCfg = Release|Any CPU
		{752BE59A-4112-4B17-B1B5-862EA9CD070B}.Release|Any CPU.Build.0 = Release|Any CPU
	EndGlobalSection
	GlobalSection(SolutionProperties) = preSolution
		HideSolutionNode = FALSE
	EndGlobalSection
EndGlobal
